{
  "name": "shared",
  "version": "1.0.0",
  "lockfileVersion": 2,
  "requires": true,
  "packages": {
    "": {
      "name": "shared",
      "version": "1.0.0",
      "license": "ISC",
      "dependencies": {
        "@plyb/web-game-core-shared": "file:../../game_core/shared"
      }
    },
    "../../game_core/shared": {
      "name": "@plyb/web-game-core-shared",
      "version": "1.0.0",
      "license": "ISC",
      "dependencies": {
        "@types/seedrandom": "^3.0.2",
        "class-transformer": "^0.5.1",
        "reflect-metadata": "^0.1.13",
        "seedrandom": "^3.0.5"
      }
    },
    "../../game_core/shared/node_modules/class-transformer": {
      "version": "0.5.1",
      "resolved": "https://registry.npmjs.org/class-transformer/-/class-transformer-0.5.1.tgz",
      "integrity": "sha512-SQa1Ws6hUbfC98vKGxZH3KFY0Y1lm5Zm0SY8XX9zbK7FJCyVEac3ATW0RIpwzW+oOfmHE5PMPufDG9hCfoEOMw=="
    },
    "../../game_core/shared/node_modules/reflect-metadata": {
      "version": "0.1.13",
      "resolved": "https://registry.npmjs.org/reflect-metadata/-/reflect-metadata-0.1.13.tgz",
      "integrity": "sha512-Ts1Y/anZELhSsjMcU605fU9RE4Oi3p5ORujwbIKXfWa+0Zxs510Qrmrce5/Jowq3cHSZSJqBjypxmHarc+vEWg=="
    },
    "node_modules/@plyb/web-game-core-shared": {
      "resolved": "../../game_core/shared",
      "link": true
    }
  },
  "dependencies": {
    "@plyb/web-game-core-shared": {
      "version": "file:../../game_core/shared",
      "requires": {
        "@types/seedrandom": "^3.0.2",
        "class-transformer": "^0.5.1",
        "reflect-metadata": "^0.1.13",
        "seedrandom": "^3.0.5"
      },
      "dependencies": {
        "class-transformer": {
          "version": "0.5.1",
          "resolved": "https://registry.npmjs.org/class-transformer/-/class-transformer-0.5.1.tgz",
          "integrity": "sha512-SQa1Ws6hUbfC98vKGxZH3KFY0Y1lm5Zm0SY8XX9zbK7FJCyVEac3ATW0RIpwzW+oOfmHE5PMPufDG9hCfoEOMw=="
        },
        "reflect-metadata": {
          "version": "0.1.13",
          "resolved": "https://registry.npmjs.org/reflect-metadata/-/reflect-metadata-0.1.13.tgz",
          "integrity": "sha512-Ts1Y/anZELhSsjMcU605fU9RE4Oi3p5ORujwbIKXfWa+0Zxs510Qrmrce5/Jowq3cHSZSJqBjypxmHarc+vEWg=="
        }
      }
    }
  }
}
